// !$*UTF8*$!
{
	archiveVersion = 1;
	classes = {
	};
	objectVersion = 55;
	objects = {

/* Begin PBXBuildFile section */
		E9C435F128940AAD00D2032A /* BigBurgerApp.swift in Sources */ = {isa = PBXBuildFile; fileRef = E9C435F028940AAD00D2032A /* BigBurgerApp.swift */; };
		E9C435F328940AAD00D2032A /* BurgerListView.swift in Sources */ = {isa = PBXBuildFile; fileRef = E9C435F228940AAD00D2032A /* BurgerListView.swift */; };
		E9C435F528940AAE00D2032A /* Assets.xcassets in Resources */ = {isa = PBXBuildFile; fileRef = E9C435F428940AAE00D2032A /* Assets.xcassets */; };
		E9C435F828940AAE00D2032A /* Preview Assets.xcassets in Resources */ = {isa = PBXBuildFile; fileRef = E9C435F728940AAE00D2032A /* Preview Assets.xcassets */; };
		E9C43602289418DC00D2032A /* WSEndpoint.swift in Sources */ = {isa = PBXBuildFile; fileRef = E9C43601289418DC00D2032A /* WSEndpoint.swift */; };
		E9C436042894193A00D2032A /* Webservice.swift in Sources */ = {isa = PBXBuildFile; fileRef = E9C436032894193A00D2032A /* Webservice.swift */; };
		E9C436062894195700D2032A /* BigBurgerModel.swift in Sources */ = {isa = PBXBuildFile; fileRef = E9C436052894195700D2032A /* BigBurgerModel.swift */; };
		E9C436082894196700D2032A /* BurgerListViewModel.swift in Sources */ = {isa = PBXBuildFile; fileRef = E9C436072894196700D2032A /* BurgerListViewModel.swift */; };
		E9C4360C2895451400D2032A /* ErrorView.swift in Sources */ = {isa = PBXBuildFile; fileRef = E9C4360B2895451300D2032A /* ErrorView.swift */; };
		E9C4360E2895453000D2032A /* ImageView.swift in Sources */ = {isa = PBXBuildFile; fileRef = E9C4360D2895453000D2032A /* ImageView.swift */; };
		E9C436102895455200D2032A /* LoadingTextView.swift in Sources */ = {isa = PBXBuildFile; fileRef = E9C4360F2895455200D2032A /* LoadingTextView.swift */; };
		E9C436122895523000D2032A /* CartView.swift in Sources */ = {isa = PBXBuildFile; fileRef = E9C436112895523000D2032A /* CartView.swift */; };
		E9C436142896EFFF00D2032A /* CartModel.swift in Sources */ = {isa = PBXBuildFile; fileRef = E9C436132896EFFF00D2032A /* CartModel.swift */; };
		E9C436172896F03100D2032A /* CartObject.swift in Sources */ = {isa = PBXBuildFile; fileRef = E9C436162896F03100D2032A /* CartObject.swift */; };
/* End PBXBuildFile section */

/* Begin PBXFileReference section */
		E9C435ED28940AAD00D2032A /* BigBurger.app */ = {isa = PBXFileReference; explicitFileType = wrapper.application; includeInIndex = 0; path = BigBurger.app; sourceTree = BUILT_PRODUCTS_DIR; };
		E9C435F028940AAD00D2032A /* BigBurgerApp.swift */ = {isa = PBXFileReference; lastKnownFileType = sourcecode.swift; path = BigBurgerApp.swift; sourceTree = "<group>"; };
		E9C435F228940AAD00D2032A /* BurgerListView.swift */ = {isa = PBXFileReference; lastKnownFileType = sourcecode.swift; path = BurgerListView.swift; sourceTree = "<group>"; };
		E9C435F428940AAE00D2032A /* Assets.xcassets */ = {isa = PBXFileReference; lastKnownFileType = folder.assetcatalog; path = Assets.xcassets; sourceTree = "<group>"; };
		E9C435F728940AAE00D2032A /* Preview Assets.xcassets */ = {isa = PBXFileReference; lastKnownFileType = folder.assetcatalog; path = "Preview Assets.xcassets"; sourceTree = "<group>"; };
		E9C43601289418DC00D2032A /* WSEndpoint.swift */ = {isa = PBXFileReference; lastKnownFileType = sourcecode.swift; path = WSEndpoint.swift; sourceTree = "<group>"; };
		E9C436032894193A00D2032A /* Webservice.swift */ = {isa = PBXFileReference; lastKnownFileType = sourcecode.swift; path = Webservice.swift; sourceTree = "<group>"; };
		E9C436052894195700D2032A /* BigBurgerModel.swift */ = {isa = PBXFileReference; lastKnownFileType = sourcecode.swift; path = BigBurgerModel.swift; sourceTree = "<group>"; };
		E9C436072894196700D2032A /* BurgerListViewModel.swift */ = {isa = PBXFileReference; lastKnownFileType = sourcecode.swift; path = BurgerListViewModel.swift; sourceTree = "<group>"; };
		E9C4360B2895451300D2032A /* ErrorView.swift */ = {isa = PBXFileReference; lastKnownFileType = sourcecode.swift; path = ErrorView.swift; sourceTree = "<group>"; };
		E9C4360D2895453000D2032A /* ImageView.swift */ = {isa = PBXFileReference; lastKnownFileType = sourcecode.swift; path = ImageView.swift; sourceTree = "<group>"; };
		E9C4360F2895455200D2032A /* LoadingTextView.swift */ = {isa = PBXFileReference; lastKnownFileType = sourcecode.swift; path = LoadingTextView.swift; sourceTree = "<group>"; };
		E9C436112895523000D2032A /* CartView.swift */ = {isa = PBXFileReference; lastKnownFileType = sourcecode.swift; path = CartView.swift; sourceTree = "<group>"; };
		E9C436132896EFFF00D2032A /* CartModel.swift */ = {isa = PBXFileReference; lastKnownFileType = sourcecode.swift; path = CartModel.swift; sourceTree = "<group>"; };
		E9C436162896F03100D2032A /* CartObject.swift */ = {isa = PBXFileReference; lastKnownFileType = sourcecode.swift; path = CartObject.swift; sourceTree = "<group>"; };
/* End PBXFileReference section */

/* Begin PBXFrameworksBuildPhase section */
		E9C435EA28940AAD00D2032A /* Frameworks */ = {
			isa = PBXFrameworksBuildPhase;
			buildActionMask = 2147483647;
			files = (
			);
			runOnlyForDeploymentPostprocessing = 0;
		};
/* End PBXFrameworksBuildPhase section */

/* Begin PBXGroup section */
		E9C435E428940AAD00D2032A = {
			isa = PBXGroup;
			children = (
				E9C435EF28940AAD00D2032A /* BigBurger */,
				E9C435EE28940AAD00D2032A /* Products */,
			);
			sourceTree = "<group>";
		};
		E9C435EE28940AAD00D2032A /* Products */ = {
			isa = PBXGroup;
			children = (
				E9C435ED28940AAD00D2032A /* BigBurger.app */,
			);
			name = Products;
			sourceTree = "<group>";
		};
		E9C435EF28940AAD00D2032A /* BigBurger */ = {
			isa = PBXGroup;
			children = (
				E9C436152896F01F00D2032A /* Object */,
				E9C436092894196F00D2032A /* View */,
				E9C43600289418AC00D2032A /* Webservice */,
				E9C435FF289418A800D2032A /* Model */,
				E9C435FE2894189D00D2032A /* ViewModel */,
				E9C435F028940AAD00D2032A /* BigBurgerApp.swift */,
				E9C435F428940AAE00D2032A /* Assets.xcassets */,
				E9C435F628940AAE00D2032A /* Preview Content */,
			);
			path = BigBurger;
			sourceTree = "<group>";
		};
		E9C435F628940AAE00D2032A /* Preview Content */ = {
			isa = PBXGroup;
			children = (
				E9C435F728940AAE00D2032A /* Preview Assets.xcassets */,
			);
			path = "Preview Content";
			sourceTree = "<group>";
		};
		E9C435FE2894189D00D2032A /* ViewModel */ = {
			isa = PBXGroup;
			children = (
				E9C436072894196700D2032A /* BurgerListViewModel.swift */,
			);
			path = ViewModel;
			sourceTree = "<group>";
		};
		E9C435FF289418A800D2032A /* Model */ = {
			isa = PBXGroup;
			children = (
				E9C436052894195700D2032A /* BigBurgerModel.swift */,
				E9C436132896EFFF00D2032A /* CartModel.swift */,
			);
			path = Model;
			sourceTree = "<group>";
		};
		E9C43600289418AC00D2032A /* Webservice */ = {
			isa = PBXGroup;
			children = (
				E9C43601289418DC00D2032A /* WSEndpoint.swift */,
				E9C436032894193A00D2032A /* Webservice.swift */,
			);
			path = Webservice;
			sourceTree = "<group>";
		};
		E9C436092894196F00D2032A /* View */ = {
			isa = PBXGroup;
			children = (
				E9C4360A2895450400D2032A /* Fragment */,
				E9C435F228940AAD00D2032A /* BurgerListView.swift */,
				E9C436112895523000D2032A /* CartView.swift */,
			);
			path = View;
			sourceTree = "<group>";
		};
		E9C4360A2895450400D2032A /* Fragment */ = {
			isa = PBXGroup;
			children = (
				E9C4360B2895451300D2032A /* ErrorView.swift */,
				E9C4360D2895453000D2032A /* ImageView.swift */,
				E9C4360F2895455200D2032A /* LoadingTextView.swift */,
			);
			path = Fragment;
			sourceTree = "<group>";
		};
		E9C436152896F01F00D2032A /* Object */ = {
			isa = PBXGroup;
			children = (
				E9C436162896F03100D2032A /* CartObject.swift */,
			);
			path = Object;
			sourceTree = "<group>";
		};
/* End PBXGroup section */

/* Begin PBXNativeTarget section */
		E9C435EC28940AAD00D2032A /* BigBurger */ = {
			isa = PBXNativeTarget;
			buildConfigurationList = E9C435FB28940AAE00D2032A /* Build configuration list for PBXNativeTarget "BigBurger" */;
			buildPhases = (
				E9C435E928940AAD00D2032A /* Sources */,
				E9C435EA28940AAD00D2032A /* Frameworks */,
				E9C435EB28940AAD00D2032A /* Resources */,
			);
			buildRules = (
			);
			dependencies = (
			);
			name = BigBurger;
			productName = BigBurger;
			productReference = E9C435ED28940AAD00D2032A /* BigBurger.app */;
			productType = "com.apple.product-type.application";
		};
/* End PBXNativeTarget section */

/* Begin PBXProject section */
		E9C435E528940AAD00D2032A /* Project object */ = {
			isa = PBXProject;
			attributes = {
				BuildIndependentTargetsInParallel = 1;
				LastSwiftUpdateCheck = 1340;
				LastUpgradeCheck = 1340;
				TargetAttributes = {
					E9C435EC28940AAD00D2032A = {
						CreatedOnToolsVersion = 13.4.1;
					};
				};
			};
			buildConfigurationList = E9C435E828940AAD00D2032A /* Build configuration list for PBXProject "BigBurger" */;
			compatibilityVersion = "Xcode 13.0";
			developmentRegion = en;
			hasScannedForEncodings = 0;
			knownRegions = (
				en,
				Base,
			);
			mainGroup = E9C435E428940AAD00D2032A;
			productRefGroup = E9C435EE28940AAD00D2032A /* Products */;
			projectDirPath = "";
			projectRoot = "";
			targets = (
				E9C435EC28940AAD00D2032A /* BigBurger */,
			);
		};
/* End PBXProject section */

/* Begin PBXResourcesBuildPhase section */
		E9C435EB28940AAD00D2032A /* Resources */ = {
			isa = PBXResourcesBuildPhase;
			buildActionMask = 2147483647;
			files = (
				E9C435F828940AAE00D2032A /* Preview Assets.xcassets in Resources */,
				E9C435F528940AAE00D2032A /* Assets.xcassets in Resources */,
			);
			runOnlyForDeploymentPostprocessing = 0;
		};
/* End PBXResourcesBuildPhase section */

/* Begin PBXSourcesBuildPhase section */
		E9C435E928940AAD00D2032A /* Sources */ = {
			isa = PBXSourcesBuildPhase;
			buildActionMask = 2147483647;
			files = (
				E9C436172896F03100D2032A /* CartObject.swift in Sources */,
				E9C436122895523000D2032A /* CartView.swift in Sources */,
				E9C4360E2895453000D2032A /* ImageView.swift in Sources */,
				E9C43602289418DC00D2032A /* WSEndpoint.swift in Sources */,
				E9C435F328940AAD00D2032A /* BurgerListView.swift in Sources */,
				E9C436142896EFFF00D2032A /* CartModel.swift in Sources */,
				E9C436062894195700D2032A /* BigBurgerModel.swift in Sources */,
				E9C436082894196700D2032A /* BurgerListViewModel.swift in Sources */,
				E9C436042894193A00D2032A /* Webservice.swift in Sources */,
				E9C4360C2895451400D2032A /* ErrorView.swift in Sources */,
				E9C435F128940AAD00D2032A /* BigBurgerApp.swift in Sources */,
				E9C436102895455200D2032A /* LoadingTextView.swift in Sources */,
			);
			runOnlyForDeploymentPostprocessing = 0;
		};
/* End PBXSourcesBuildPhase section */

/* Begin XCBuildConfiguration section */
		E9C435F928940AAE00D2032A /* Debug */ = {
			isa = XCBuildConfiguration;
			buildSettings = {
				ALWAYS_SEARCH_USER_PATHS = NO;
				CLANG_ANALYZER_NONNULL = YES;
				CLANG_ANALYZER_NUMBER_OBJECT_CONVERSION = YES_AGGRESSIVE;
				CLANG_CXX_LANGUAGE_STANDARD = "gnu++17";
				CLANG_ENABLE_MODULES = YES;
				CLANG_ENABLE_OBJC_ARC = YES;
				CLANG_ENABLE_OBJC_WEAK = YES;
				CLANG_WARN_BLOCK_CAPTURE_AUTORELEASING = YES;
				CLANG_WARN_BOOL_CONVERSION = YES;
				CLANG_WARN_COMMA = YES;
				CLANG_WARN_CONSTANT_CONVERSION = YES;
				CLANG_WARN_DEPRECATED_OBJC_IMPLEMENTATIONS = YES;
				CLANG_WARN_DIRECT_OBJC_ISA_USAGE = YES_ERROR;
				CLANG_WARN_DOCUMENTATION_COMMENTS = YES;
				CLANG_WARN_EMPTY_BODY = YES;
				CLANG_WARN_ENUM_CONVERSION = YES;
				CLANG_WARN_INFINITE_RECURSION = YES;
				CLANG_WARN_INT_CONVERSION = YES;
				CLANG_WARN_NON_LITERAL_NULL_CONVERSION = YES;
				CLANG_WARN_OBJC_IMPLICIT_RETAIN_SELF = YES;
				CLANG_WARN_OBJC_LITERAL_CONVERSION = YES;
				CLANG_WARN_OBJC_ROOT_CLASS = YES_ERROR;
				CLANG_WARN_QUOTED_INCLUDE_IN_FRAMEWORK_HEADER = YES;
				CLANG_WARN_RANGE_LOOP_ANALYSIS = YES;
				CLANG_WARN_STRICT_PROTOTYPES = YES;
				CLANG_WARN_SUSPICIOUS_MOVE = YES;
				CLANG_WARN_UNGUARDED_AVAILABILITY = YES_AGGRESSIVE;
				CLANG_WARN_UNREACHABLE_CODE = YES;
				CLANG_WARN__DUPLICATE_METHOD_MATCH = YES;
				COPY_PHASE_STRIP = NO;
				DEBUG_INFORMATION_FORMAT = dwarf;
				ENABLE_STRICT_OBJC_MSGSEND = YES;
				ENABLE_TESTABILITY = YES;
				GCC_C_LANGUAGE_STANDARD = gnu11;
				GCC_DYNAMIC_NO_PIC = NO;
				GCC_NO_COMMON_BLOCKS = YES;
				GCC_OPTIMIZATION_LEVEL = 0;
				GCC_PREPROCESSOR_DEFINITIONS = (
					"DEBUG=1",
					"$(inherited)",
				);
				GCC_WARN_64_TO_32_BIT_CONVERSION = YES;
				GCC_WARN_ABOUT_RETURN_TYPE = YES_ERROR;
				GCC_WARN_UNDECLARED_SELECTOR = YES;
				GCC_WARN_UNINITIALIZED_AUTOS = YES_AGGRESSIVE;
				GCC_WARN_UNUSED_FUNCTION = YES;
				GCC_WARN_UNUSED_VARIABLE = YES;
				IPHONEOS_DEPLOYMENT_TARGET = 15.5;
				MTL_ENABLE_DEBUG_INFO = INCLUDE_SOURCE;
				MTL_FAST_MATH = YES;
				ONLY_ACTIVE_ARCH = YES;
				SDKROOT = iphoneos;
				SWIFT_ACTIVE_COMPILATION_CONDITIONS = DEBUG;
				SWIFT_OPTIMIZATION_LEVEL = "-Onone";
			};
			name = Debug;
		};
		E9C435FA28940AAE00D2032A /* Release */ = {
			isa = XCBuildConfiguration;
			buildSettings = {
				ALWAYS_SEARCH_USER_PATHS = NO;
				CLANG_ANALYZER_NONNULL = YES;
				CLANG_ANALYZER_NUMBER_OBJECT_CONVERSION = YES_AGGRESSIVE;
				CLANG_CXX_LANGUAGE_STANDARD = "gnu++17";
				CLANG_ENABLE_MODULES = YES;
				CLANG_ENABLE_OBJC_ARC = YES;
				CLANG_ENABLE_OBJC_WEAK = YES;
				CLANG_WARN_BLOCK_CAPTURE_AUTORELEASING = YES;
				CLANG_WARN_BOOL_CONVERSION = YES;
				CLANG_WARN_COMMA = YES;
				CLANG_WARN_CONSTANT_CONVERSION = YES;
				CLANG_WARN_DEPRECATED_OBJC_IMPLEMENTATIONS = YES;
				CLANG_WARN_DIRECT_OBJC_ISA_USAGE = YES_ERROR;
				CLANG_WARN_DOCUMENTATION_COMMENTS = YES;
				CLANG_WARN_EMPTY_BODY = YES;
				CLANG_WARN_ENUM_CONVERSION = YES;
				CLANG_WARN_INFINITE_RECURSION = YES;
				CLANG_WARN_INT_CONVERSION = YES;
				CLANG_WARN_NON_LITERAL_NULL_CONVERSION = YES;
				CLANG_WARN_OBJC_IMPLICIT_RETAIN_SELF = YES;
				CLANG_WARN_OBJC_LITERAL_CONVERSION = YES;
				CLANG_WARN_OBJC_ROOT_CLASS = YES_ERROR;
				CLANG_WARN_QUOTED_INCLUDE_IN_FRAMEWORK_HEADER = YES;
				CLANG_WARN_RANGE_LOOP_ANALYSIS = YES;
				CLANG_WARN_STRICT_PROTOTYPES = YES;
				CLANG_WARN_SUSPICIOUS_MOVE = YES;
				CLANG_WARN_UNGUARDED_AVAILABILITY = YES_AGGRESSIVE;
				CLANG_WARN_UNREACHABLE_CODE = YES;
				CLANG_WARN__DUPLICATE_METHOD_MATCH = YES;
				COPY_PHASE_STRIP = NO;
				DEBUG_INFORMATION_FORMAT = "dwarf-with-dsym";
				ENABLE_NS_ASSERTIONS = NO;
				ENABLE_STRICT_OBJC_MSGSEND = YES;
				GCC_C_LANGUAGE_STANDARD = gnu11;
				GCC_NO_COMMON_BLOCKS = YES;
				GCC_WARN_64_TO_32_BIT_CONVERSION = YES;
				GCC_WARN_ABOUT_RETURN_TYPE = YES_ERROR;
				GCC_WARN_UNDECLARED_SELECTOR = YES;
				GCC_WARN_UNINITIALIZED_AUTOS = YES_AGGRESSIVE;
				GCC_WARN_UNUSED_FUNCTION = YES;
				GCC_WARN_UNUSED_VARIABLE = YES;
				IPHONEOS_DEPLOYMENT_TARGET = 15.5;
				MTL_ENABLE_DEBUG_INFO = NO;
				MTL_FAST_MATH = YES;
				SDKROOT = iphoneos;
				SWIFT_COMPILATION_MODE = wholemodule;
				SWIFT_OPTIMIZATION_LEVEL = "-O";
				VALIDATE_PRODUCT = YES;
			};
			name = Release;
		};
		E9C435FC28940AAE00D2032A /* Debug */ = {
			isa = XCBuildConfiguration;
			buildSettings = {
				ASSETCATALOG_COMPILER_APPICON_NAME = AppIcon;
				ASSETCATALOG_COMPILER_GLOBAL_ACCENT_COLOR_NAME = AccentColor;
				CODE_SIGN_STYLE = Automatic;
				CURRENT_PROJECT_VERSION = 1;
				DEVELOPMENT_ASSET_PATHS = "\"BigBurger/Preview Content\"";
				DEVELOPMENT_TEAM = UP2A3RVFX4;
				ENABLE_PREVIEWS = YES;
				GENERATE_INFOPLIST_FILE = YES;
				INFOPLIST_KEY_UIApplicationSceneManifest_Generation = YES;
				INFOPLIST_KEY_UIApplicationSupportsIndirectInputEvents = YES;
				INFOPLIST_KEY_UILaunchScreen_Generation = YES;
				INFOPLIST_KEY_UISupportedInterfaceOrientations_iPad = "UIInterfaceOrientationPortrait UIInterfaceOrientationPortraitUpsideDown UIInterfaceOrientationLandscapeLeft UIInterfaceOrientationLandscapeRight";
				INFOPLIST_KEY_UISupportedInterfaceOrientations_iPhone = "UIInterfaceOrientationPortrait UIInterfaceOrientationLandscapeLeft UIInterfaceOrientationLandscapeRight";
				LD_RUNPATH_SEARCH_PATHS = (
					"$(inherited)",
					"@executable_path/Frameworks",
				);
				MARKETING_VERSION = 1.0;
				PRODUCT_BUNDLE_IDENTIFIER = com.swifthings.BigBurger;
				PRODUCT_NAME = "$(TARGET_NAME)";
				SWIFT_EMIT_LOC_STRINGS = YES;
				SWIFT_VERSION = 5.0;
				TARGETED_DEVICE_FAMILY = 1;
			};
			name = Debug;
		};
		E9C435FD28940AAE00D2032A /* Release */ = {
			isa = XCBuildConfiguration;
			buildSettings = {
				ASSETCATALOG_COMPILER_APPICON_NAME = AppIcon;
				ASSETCATALOG_COMPILER_GLOBAL_ACCENT_COLOR_NAME = AccentColor;
				CODE_SIGN_STYLE = Automatic;
				CURRENT_PROJECT_VERSION = 1;
				DEVELOPMENT_ASSET_PATHS = "\"BigBurger/Preview Content\"";
				DEVELOPMENT_TEAM = UP2A3RVFX4;
				ENABLE_PREVIEWS = YES;
				GENERATE_INFOPLIST_FILE = YES;
				INFOPLIST_KEY_UIApplicationSceneManifest_Generation = YES;
				INFOPLIST_KEY_UIApplicationSupportsIndirectInputEvents = YES;
				INFOPLIST_KEY_UILaunchScreen_Generation = YES;
				INFOPLIST_KEY_UISupportedInterfaceOrientations_iPad = "UIInterfaceOrientationPortrait UIInterfaceOrientationPortraitUpsideDown UIInterfaceOrientationLandscapeLeft UIInterfaceOrientationLandscapeRight";
				INFOPLIST_KEY_UISupportedInterfaceOrientations_iPhone = "UIInterfaceOrientationPortrait UIInterfaceOrientationLandscapeLeft UIInterfaceOrientationLandscapeRight";
				LD_RUNPATH_SEARCH_PATHS = (
					"$(inherited)",
					"@executable_path/Frameworks",
				);
				MARKETING_VERSION = 1.0;
				PRODUCT_BUNDLE_IDENTIFIER = com.swifthings.BigBurger;
				PRODUCT_NAME = "$(TARGET_NAME)";
				SWIFT_EMIT_LOC_STRINGS = YES;
				SWIFT_VERSION = 5.0;
				TARGETED_DEVICE_FAMILY = 1;
			};
			name = Release;
		};
/* End XCBuildConfiguration section */

/* Begin XCConfigurationList section */
		E9C435E828940AAD00D2032A /* Build configuration list for PBXProject "BigBurger" */ = {
			isa = XCConfigurationList;
			buildConfigurations = (
				E9C435F928940AAE00D2032A /* Debug */,
				E9C435FA28940AAE00D2032A /* Release */,
			);
			defaultConfigurationIsVisible = 0;
			defaultConfigurationName = Release;
		};
		E9C435FB28940AAE00D2032A /* Build configuration list for PBXNativeTarget "BigBurger" */ = {
			isa = XCConfigurationList;
			buildConfigurations = (
				E9C435FC28940AAE00D2032A /* Debug */,
				E9C435FD28940AAE00D2032A /* Release */,
			);
			defaultConfigurationIsVisible = 0;
			defaultConfigurationName = Release;
		};
/* End XCConfigurationList section */
	};
	rootObject = E9C435E528940AAD00D2032A /* Project object */;
}
